
Microsoft Visual Studio Solution File, Format Version 12.00
# Visual Studio 15
VisualStudioVersion = 15.0.27428.2027
MinimumVisualStudioVersion = 10.0.40219.1
Project("{FAE04EC0-301F-11D3-BF4B-00C04F79EFBC}") = "WebsiteSonGaming", "WebsiteSonGaming\WebsiteSonGaming.csproj", "{8A5FA15D-CFF2-4464-B9C6-750B1494EFDD}"
EndProject
Global
	GlobalSection(SolutionConfigurationPlatforms) = preSolution
		Debug|Any CPU = Debug|Any CPU
		Release|Any CPU = Release|Any CPU
	EndGlobalSection
	GlobalSection(ProjectConfigurationPlatforms) = postSolution
		{8A5FA15D-CFF2-4464-B9C6-750B1494EFDD}.Debug|Any CPU.ActiveCfg = Debug|Any CPU
		{8A5FA15D-CFF2-4464-B9C6-750B1494EFDD}.Debug|Any CPU.Build.0 = Debug|Any CPU
		{8A5FA15D-CFF2-4464-B9C6-750B1494EFDD}.Release|Any CPU.ActiveCfg = Release|Any CPU
		{8A5FA15D-CFF2-4464-B9C6-750B1494EFDD}.Release|Any CPU.Build.0 = Release|Any CPU
	EndGlobalSection
	GlobalSection(SolutionProperties) = preSolution
		HideSolutionNode = FALSE
	EndGlobalSection
	GlobalSection(ExtensibilityGlobals) = postSolution
		SolutionGuid = {6D42109A-B1BD-4BBB-B980-18AA043D2A2A}
	EndGlobalSection
EndGlobal
